{
  "name": "Doctors-Appointment-App",
  "lockfileVersion": 3,
  "requires": true,
  "packages": {
    "": {
      "dependencies": {
        "@zegocloud/zego-uikit-prebuilt": "^2.17.3"
      }
    },
    "node_modules/@zegocloud/zego-uikit-prebuilt": {
      "version": "2.17.3",
      "resolved": "https://registry.npmjs.org/@zegocloud/zego-uikit-prebuilt/-/zego-uikit-prebuilt-2.17.3.tgz",
      "integrity": "sha512-PxRCLwPkwDudRiruHKVDodMZaOrvqW7cXv75RgZITmDpYD33vPLHaXmgZZ0uDhmQUpBZxJ63pj8mzdk/wC+WKA==",
      "license": "ISC"
    }
  }
}
